
Microsoft Visual Studio Solution File, Format Version 12.00
# Visual Studio Version 17
VisualStudioVersion = 17.4.33403.182
MinimumVisualStudioVersion = 10.0.40219.1
Project("{FAE04EC0-301F-11D3-BF4B-00C04F79EFBC}") = "WpfApp_Model_View_ViewModel", "WpfApp_Model_View_ViewModel.csproj", "{4D58BFD8-96EE-42AC-902F-0C5A7CB67EDC}"
EndProject
Global
	GlobalSection(SolutionConfigurationPlatforms) = preSolution
		Debug|Any CPU = Debug|Any CPU
		Release|Any CPU = Release|Any CPU
	EndGlobalSection
	GlobalSection(ProjectConfigurationPlatforms) = postSolution
		{4D58BFD8-96EE-42AC-902F-0C5A7CB67EDC}.Debug|Any CPU.ActiveCfg = Debug|Any CPU
		{4D58BFD8-96EE-42AC-902F-0C5A7CB67EDC}.Debug|Any CPU.Build.0 = Debug|Any CPU
		{4D58BFD8-96EE-42AC-902F-0C5A7CB67EDC}.Release|Any CPU.ActiveCfg = Release|Any CPU
		{4D58BFD8-96EE-42AC-902F-0C5A7CB67EDC}.Release|Any CPU.Build.0 = Release|Any CPU
	EndGlobalSection
	GlobalSection(SolutionProperties) = preSolution
		HideSolutionNode = FALSE
	EndGlobalSection
	GlobalSection(ExtensibilityGlobals) = postSolution
		SolutionGuid = {A41F17BE-EC32-4049-BFA9-2009DFB511E6}
	EndGlobalSection
EndGlobal
